
Microsoft Visual Studio Solution File, Format Version 12.00
# Visual Studio 15
VisualStudioVersion = 15.0.27703.2026
MinimumVisualStudioVersion = 10.0.40219.1
Project("{FAE04EC0-301F-11D3-BF4B-00C04F79EFBC}") = "jenkin_pipeline_test", "jenkin_pipeline_test\jenkin_pipeline_test.csproj", "{B748C47C-82D4-4070-B03C-20A46B5AFD01}"
EndProject
Project("{E53339B2-1760-4266-BCC7-CA923CBCF16C}") = "docker-compose", "docker-compose.dcproj", "{AD31A940-8CF4-4F51-95D3-0DE8B3040CD4}"
EndProject
Global
	GlobalSection(SolutionConfigurationPlatforms) = preSolution
		Debug|Any CPU = Debug|Any CPU
		Release|Any CPU = Release|Any CPU
	EndGlobalSection
	GlobalSection(ProjectConfigurationPlatforms) = postSolution
		{B748C47C-82D4-4070-B03C-20A46B5AFD01}.Debug|Any CPU.ActiveCfg = Debug|Any CPU
		{B748C47C-82D4-4070-B03C-20A46B5AFD01}.Debug|Any CPU.Build.0 = Debug|Any CPU
		{B748C47C-82D4-4070-B03C-20A46B5AFD01}.Release|Any CPU.ActiveCfg = Release|Any CPU
		{B748C47C-82D4-4070-B03C-20A46B5AFD01}.Release|Any CPU.Build.0 = Release|Any CPU
		{AD31A940-8CF4-4F51-95D3-0DE8B3040CD4}.Debug|Any CPU.ActiveCfg = Debug|Any CPU
		{AD31A940-8CF4-4F51-95D3-0DE8B3040CD4}.Debug|Any CPU.Build.0 = Debug|Any CPU
		{AD31A940-8CF4-4F51-95D3-0DE8B3040CD4}.Release|Any CPU.ActiveCfg = Release|Any CPU
		{AD31A940-8CF4-4F51-95D3-0DE8B3040CD4}.Release|Any CPU.Build.0 = Release|Any CPU
	EndGlobalSection
	GlobalSection(SolutionProperties) = preSolution
		HideSolutionNode = FALSE
	EndGlobalSection
	GlobalSection(ExtensibilityGlobals) = postSolution
		SolutionGuid = {481952A4-B3CC-42EE-A468-BC23D88C9F5A}
	EndGlobalSection
EndGlobal
